<?xml version="1.0" encoding="utf-8"?>
<Project ToolsVersion="4.0" xmlns="http://schemas.microsoft.com/developer/msbuild/2003">
  <ItemGroup>
    <Filter Include="Source Files">
      <UniqueIdentifier>{4FC737F1-C7A5-4376-A066-2A32D752A2FF}</UniqueIdentifier>
      <Extensions>cpp;c;cc;cxx;def;odl;idl;hpj;bat;asm;asmx</Extensions>
    </Filter>
    <Filter Include="Header Files">
      <UniqueIdentifier>{93995380-89BD-4b04-88EB-625FBE52EBFB}</UniqueIdentifier>
      <Extensions>h;hpp;hxx;hm;inl;inc;xsd</Extensions>
    </Filter>
    <Filter Include="OpenCL Files">
      <UniqueIdentifier>{D011BB44-1BF7-4113-997B-A081035B40D8}</UniqueIdentifier>
      <Extensions>cl</Extensions>
    </Filter>
  </ItemGroup>
  <ItemGroup>
    <Text Include="ReadMe.txt" />
  </ItemGroup>
  <ItemGroup>
    <ClCompile Include="utils.cpp">
      <Filter>Source Files</Filter>
    </ClCompile>
    <ClCompile Include="OpenCLFrame.cpp">
      <Filter>Source Files</Filter>
    </ClCompile>
    <ClCompile Include="Platform\CL_CmdQueue.cpp">
      <Filter>Source Files</Filter>
    </ClCompile>
    <ClCompile Include="Platform\CL_Context.cpp">
      <Filter>Source Files</Filter>
    </ClCompile>
    <ClCompile Include="Platform\CL_Device.cpp">
      <Filter>Source Files</Filter>
    </ClCompile>
    <ClCompile Include="Platform\CL_Kernel.cpp">
      <Filter>Source Files</Filter>
    </ClCompile>
    <ClCompile Include="Platform\CL_Platform.cpp">
      <Filter>Source Files</Filter>
    </ClCompile>
    <ClCompile Include="Platform\CL_Program.cpp">
      <Filter>Source Files</Filter>
    </ClCompile>
  </ItemGroup>
  <ItemGroup>
    <ClInclude Include="utils.h">
      <Filter>Header Files</Filter>
    </ClInclude>
    <ClInclude Include="OpenCLFrame.h">
      <Filter>Header Files</Filter>
    </ClInclude>
    <ClInclude Include="Platform\CL_Buffer.h">
      <Filter>Header Files</Filter>
    </ClInclude>
    <ClInclude Include="Platform\CL_CmdQueue.h">
      <Filter>Header Files</Filter>
    </ClInclude>
    <ClInclude Include="Platform\CL_Context.h">
      <Filter>Header Files</Filter>
    </ClInclude>
    <ClInclude Include="Platform\CL_Device.h">
      <Filter>Header Files</Filter>
    </ClInclude>
    <ClInclude Include="Platform\CL_Kernel.h">
      <Filter>Header Files</Filter>
    </ClInclude>
    <ClInclude Include="Platform\CL_Platform.h">
      <Filter>Header Files</Filter>
    </ClInclude>
    <ClInclude Include="Platform\CL_Program.h">
      <Filter>Header Files</Filter>
    </ClInclude>
    <ClInclude Include="Platform\CL_Session.h">
      <Filter>Header Files</Filter>
    </ClInclude>
    <ClInclude Include="Platform\IOperational.h">
      <Filter>Header Files</Filter>
    </ClInclude>
    <ClInclude Include="Platform\Platform.h">
      <Filter>Header Files</Filter>
    </ClInclude>
    <ClInclude Include="CLCode\contracts\Contracts.h">
      <Filter>Header Files</Filter>
    </ClInclude>
    <ClInclude Include="CLCode\contracts\Board.h">
      <Filter>Header Files</Filter>
    </ClInclude>
    <ClInclude Include="CLCode\contracts\types.h">
      <Filter>Header Files</Filter>
    </ClInclude>
  </ItemGroup>
  <ItemGroup>
    <Intel_OpenCL_Build_Rules Include="CLCode\Template.cl">
      <Filter>OpenCL Files</Filter>
    </Intel_OpenCL_Build_Rules>
  </ItemGroup>
</Project>